
Microsoft Visual Studio Solution File, Format Version 12.00
# Visual Studio Express 2012 for Windows Desktop
Project("{FAE04EC0-301F-11D3-BF4B-00C04F79EFBC}") = "TP1 CALCULADORA", "TP1 CALCULADORA\TP1 CALCULADORA.csproj", "{037382F0-999E-403F-B02B-5B79ECE2A422}"
EndProject
Global
	GlobalSection(SolutionConfigurationPlatforms) = preSolution
		Debug|Any CPU = Debug|Any CPU
		Release|Any CPU = Release|Any CPU
	EndGlobalSection
	GlobalSection(ProjectConfigurationPlatforms) = postSolution
		{037382F0-999E-403F-B02B-5B79ECE2A422}.Debug|Any CPU.ActiveCfg = Debug|Any CPU
		{037382F0-999E-403F-B02B-5B79ECE2A422}.Debug|Any CPU.Build.0 = Debug|Any CPU
		{037382F0-999E-403F-B02B-5B79ECE2A422}.Release|Any CPU.ActiveCfg = Release|Any CPU
		{037382F0-999E-403F-B02B-5B79ECE2A422}.Release|Any CPU.Build.0 = Release|Any CPU
	EndGlobalSection
	GlobalSection(SolutionProperties) = preSolution
		HideSolutionNode = FALSE
	EndGlobalSection
EndGlobal
